{
  "nodes": {
    "dunix": {
      "locked": {
        "lastModified": 1768618320,
        "narHash": "sha256-j1tvbOR0X7SQu/AeF9jmUaCL3jomlv649BpnvOwTRRM=",
        "owner": "eureka-cpu",
        "repo": "dunix",
        "rev": "135ce63194c003d5101da16be3d8a7819e6bd3b3",
        "type": "github"
      },
      "original": {
        "owner": "eureka-cpu",
        "ref": "master",
        "repo": "dunix",
        "type": "github"
      }
    },
    "nixpkgs": {
      "locked": {
        "lastModified": 1767892417,
        "narHash": "sha256-dhhvQY67aboBk8b0/u0XB6vwHdgbROZT3fJAjyNh5Ww=",
        "owner": "NixOS",
        "repo": "nixpkgs",
        "rev": "3497aa5c9457a9d88d71fa93a4a8368816fbeeba",
        "type": "github"
      },
      "original": {
        "owner": "NixOS",
        "ref": "nixos-unstable",
        "repo": "nixpkgs",
        "type": "github"
      }
    },
    "root": {
      "inputs": {
        "dunix": "dunix",
        "nixpkgs": "nixpkgs"
      }
    }
  },
  "root": "root",
  "version": 7
}
